# This file is generated by running "yarn install" inside your project.
# Manual changes might be lost - proceed with caution!

__metadata:
  version: 6
  cacheKey: 8

"@sapphire/prettier-config@npm:^2.0.0":
  version: 2.0.0
  resolution: "@sapphire/prettier-config@npm:2.0.0"
  dependencies:
    prettier: ^3.0.0
  checksum: 5e7aa2f3c29587d8bd409d66e75ffa5ff6d6b98df6bdfb82dedb6d43b6134a5ba764d95dfc6b252b92bb4a56f125b22b83737449ee8dbf1d2ff41b0f1b6e87f7
  languageName: node
  linkType: hard

"@types/node@npm:*":
  version: 20.6.3
  resolution: "@types/node@npm:20.6.3"
  checksum: 444a6f1f41cfa8d3e20ce0108e6e43960fb2ae0e481f233bb1c14d6252aa63a92e021de561cd317d9fdb411688f871065f40175a1f18763282dee2613a08f8a3
  languageName: node
  linkType: hard

"@types/ws@npm:^8.5.5":
  version: 8.5.5
  resolution: "@types/ws@npm:8.5.5"
  dependencies:
    "@types/node": "*"
  checksum: d00bf8070e6938e3ccf933010921c6ce78ac3606696ce37a393b27a9a603f7bd93ea64f3c5fa295a2f743575ba9c9a9fdb904af0f5fe2229bf2adf0630386e4a
  languageName: node
  linkType: hard

"citty@npm:^0.1.4":
  version: 0.1.4
  resolution: "citty@npm:0.1.4"
  dependencies:
    consola: ^3.2.3
  checksum: d70f739c32c8a65170be5bad0407f22e860a819da1712d66c14993b1f46356c95c4d5acee7a36f763b7f7132dd0acd2bbdae02f8188970bbd3c978c1ada9bae5
  languageName: node
  linkType: hard

"colorette@npm:^2.0.20":
  version: 2.0.20
  resolution: "colorette@npm:2.0.20"
  checksum: 0c016fea2b91b733eb9f4bcdb580018f52c0bc0979443dad930e5037a968237ac53d9beb98e218d2e9235834f8eebce7f8e080422d6194e957454255bde71d3d
  languageName: node
  linkType: hard

"consola@npm:^3.2.3":
  version: 3.2.3
  resolution: "consola@npm:3.2.3"
  checksum: 32ec70e177dd2385c42e38078958cc7397be91db21af90c6f9faa0b16168b49b1c61d689338604bbb2d64370b9347a35f42a9197663a913d3a405bb0ce728499
  languageName: node
  linkType: hard

"prettier@npm:^3.0.0, prettier@npm:^3.0.3":
  version: 3.0.3
  resolution: "prettier@npm:3.0.3"
  bin:
    prettier: bin/prettier.cjs
  checksum: e10b9af02b281f6c617362ebd2571b1d7fc9fb8a3bd17e371754428cda992e5e8d8b7a046e8f7d3e2da1dcd21aa001e2e3c797402ebb6111b5cd19609dd228e0
  languageName: node
  linkType: hard

"tiny-chat@workspace:.":
  version: 0.0.0-use.local
  resolution: "tiny-chat@workspace:."
  dependencies:
    "@sapphire/prettier-config": ^2.0.0
    "@types/ws": ^8.5.5
    citty: ^0.1.4
    colorette: ^2.0.20
    prettier: ^3.0.3
    ws: ^8.14.2
  languageName: unknown
  linkType: soft

"ws@npm:^8.14.2":
  version: 8.14.2
  resolution: "ws@npm:8.14.2"
  peerDependencies:
    bufferutil: ^4.0.1
    utf-8-validate: ">=5.0.2"
  peerDependenciesMeta:
    bufferutil:
      optional: true
    utf-8-validate:
      optional: true
  checksum: 3ca0dad26e8cc6515ff392b622a1467430814c463b3368b0258e33696b1d4bed7510bc7030f7b72838b9fdeb8dbd8839cbf808367d6aae2e1d668ce741d4308b
  languageName: node
  linkType: hard
